
Microsoft Visual Studio Solution File, Format Version 12.00
# Visual Studio Version 17
VisualStudioVersion = 17.13.35919.96 d17.13
MinimumVisualStudioVersion = 10.0.40219.1
Project("{FAE04EC0-301F-11D3-BF4B-00C04F79EFBC}") = "TodoManager.Backend", "TodoManager.Backend.csproj", "{96903D6E-03B4-4BC8-A62D-DE258E744832}"
EndProject
Global
	GlobalSection(SolutionConfigurationPlatforms) = preSolution
		Debug|Any CPU = Debug|Any CPU
		Release|Any CPU = Release|Any CPU
	EndGlobalSection
	GlobalSection(ProjectConfigurationPlatforms) = postSolution
		{96903D6E-03B4-4BC8-A62D-DE258E744832}.Debug|Any CPU.ActiveCfg = Debug|Any CPU
		{96903D6E-03B4-4BC8-A62D-DE258E744832}.Debug|Any CPU.Build.0 = Debug|Any CPU
		{96903D6E-03B4-4BC8-A62D-DE258E744832}.Release|Any CPU.ActiveCfg = Release|Any CPU
		{96903D6E-03B4-4BC8-A62D-DE258E744832}.Release|Any CPU.Build.0 = Release|Any CPU
	EndGlobalSection
	GlobalSection(SolutionProperties) = preSolution
		HideSolutionNode = FALSE
	EndGlobalSection
	GlobalSection(ExtensibilityGlobals) = postSolution
		SolutionGuid = {558A47E3-4C26-4B42-B5C1-72BFBA435DC2}
	EndGlobalSection
EndGlobal
